
Microsoft Visual Studio Solution File, Format Version 12.00
# Visual Studio Version 16
VisualStudioVersion = 16.0.32106.194
MinimumVisualStudioVersion = 10.0.40219.1
Project("{9A19103F-16F7-4668-BE54-9A1E7A4F7556}") = "Lotto", "WinFormsApp4\Lotto.csproj", "{A12DEE6A-B6FE-4AB8-A07E-28790145DC84}"
EndProject
Global
	GlobalSection(SolutionConfigurationPlatforms) = preSolution
		Debug|Any CPU = Debug|Any CPU
		Release|Any CPU = Release|Any CPU
	EndGlobalSection
	GlobalSection(ProjectConfigurationPlatforms) = postSolution
		{A12DEE6A-B6FE-4AB8-A07E-28790145DC84}.Debug|Any CPU.ActiveCfg = Debug|Any CPU
		{A12DEE6A-B6FE-4AB8-A07E-28790145DC84}.Debug|Any CPU.Build.0 = Debug|Any CPU
		{A12DEE6A-B6FE-4AB8-A07E-28790145DC84}.Release|Any CPU.ActiveCfg = Release|Any CPU
		{A12DEE6A-B6FE-4AB8-A07E-28790145DC84}.Release|Any CPU.Build.0 = Release|Any CPU
	EndGlobalSection
	GlobalSection(SolutionProperties) = preSolution
		HideSolutionNode = FALSE
	EndGlobalSection
	GlobalSection(ExtensibilityGlobals) = postSolution
		SolutionGuid = {E5847B54-7072-4B8A-A607-111E867EFC51}
	EndGlobalSection
EndGlobal
