
Microsoft Visual Studio Solution File, Format Version 12.00
# Visual Studio Version 16
VisualStudioVersion = 16.0.32106.194
MinimumVisualStudioVersion = 10.0.40219.1
Project("{9A19103F-16F7-4668-BE54-9A1E7A4F7556}") = "Kalkylator", "WinFormsApp3\Kalkylator.csproj", "{64C40F31-B236-4E79-9403-B545096873DA}"
EndProject
Global
	GlobalSection(SolutionConfigurationPlatforms) = preSolution
		Debug|Any CPU = Debug|Any CPU
		Release|Any CPU = Release|Any CPU
	EndGlobalSection
	GlobalSection(ProjectConfigurationPlatforms) = postSolution
		{64C40F31-B236-4E79-9403-B545096873DA}.Debug|Any CPU.ActiveCfg = Debug|Any CPU
		{64C40F31-B236-4E79-9403-B545096873DA}.Debug|Any CPU.Build.0 = Debug|Any CPU
		{64C40F31-B236-4E79-9403-B545096873DA}.Release|Any CPU.ActiveCfg = Release|Any CPU
		{64C40F31-B236-4E79-9403-B545096873DA}.Release|Any CPU.Build.0 = Release|Any CPU
	EndGlobalSection
	GlobalSection(SolutionProperties) = preSolution
		HideSolutionNode = FALSE
	EndGlobalSection
	GlobalSection(ExtensibilityGlobals) = postSolution
		SolutionGuid = {B9D0B83F-ECED-4C49-A64D-B2EE02189D3E}
	EndGlobalSection
EndGlobal
